
Microsoft Visual Studio Solution File, Format Version 12.00
# Visual Studio Version 17
VisualStudioVersion = 17.8.34330.188
MinimumVisualStudioVersion = 10.0.40219.1
Project("{888888A0-9F3D-457C-B088-3A5042F75D52}") = "InvoiceLineItemCalculator", "InvoiceLineItemCalculator.pyproj", "{A1078BA8-0A77-4255-9373-C3B6BD847732}"
EndProject
Global
	GlobalSection(SolutionConfigurationPlatforms) = preSolution
		Debug|Any CPU = Debug|Any CPU
		Release|Any CPU = Release|Any CPU
	EndGlobalSection
	GlobalSection(ProjectConfigurationPlatforms) = postSolution
		{A1078BA8-0A77-4255-9373-C3B6BD847732}.Debug|Any CPU.ActiveCfg = Debug|Any CPU
		{A1078BA8-0A77-4255-9373-C3B6BD847732}.Release|Any CPU.ActiveCfg = Release|Any CPU
	EndGlobalSection
	GlobalSection(SolutionProperties) = preSolution
		HideSolutionNode = FALSE
	EndGlobalSection
	GlobalSection(ExtensibilityGlobals) = postSolution
		SolutionGuid = {42B259F7-B286-42E9-8FA4-7584A92DA9B8}
	EndGlobalSection
EndGlobal
